
Microsoft Visual Studio Solution File, Format Version 12.00
# Visual Studio 14
VisualStudioVersion = 14.0.25420.1
MinimumVisualStudioVersion = 10.0.40219.1
Project("{FAE04EC0-301F-11D3-BF4B-00C04F79EFBC}") = "NoughtsAndCrosses", "NoughtsAndCrosses\NoughtsAndCrosses.csproj", "{89D83F8D-AB04-4FCE-A71D-671733DD2257}"
EndProject
Global
	GlobalSection(SolutionConfigurationPlatforms) = preSolution
		Debug|Any CPU = Debug|Any CPU
		Release|Any CPU = Release|Any CPU
	EndGlobalSection
	GlobalSection(ProjectConfigurationPlatforms) = postSolution
		{89D83F8D-AB04-4FCE-A71D-671733DD2257}.Debug|Any CPU.ActiveCfg = Debug|Any CPU
		{89D83F8D-AB04-4FCE-A71D-671733DD2257}.Debug|Any CPU.Build.0 = Debug|Any CPU
		{89D83F8D-AB04-4FCE-A71D-671733DD2257}.Release|Any CPU.ActiveCfg = Release|Any CPU
		{89D83F8D-AB04-4FCE-A71D-671733DD2257}.Release|Any CPU.Build.0 = Release|Any CPU
	EndGlobalSection
	GlobalSection(SolutionProperties) = preSolution
		HideSolutionNode = FALSE
	EndGlobalSection
EndGlobal
